
Microsoft Visual Studio Solution File, Format Version 12.00
# Visual Studio Version 17
VisualStudioVersion = 17.11.35208.52
MinimumVisualStudioVersion = 10.0.40219.1
Project("{2150E333-8FDC-42A3-9474-1A3956D46DE8}") = "Solution Files", "Solution Files", "{E6DDAB80-9BBB-464E-AFAD-8990CC12DEE7}"
	ProjectSection(SolutionItems) = preProject
		.gitignore = .gitignore
		Directory.Build.props = Directory.Build.props
		LICENSE = LICENSE
		nuget.config = nuget.config
		README.md = README.md
	EndProjectSection
EndProject
Project("{FAE04EC0-301F-11D3-BF4B-00C04F79EFBC}") = "DeepProfilingPrepatcher", "DeepProfilingPrepatcher\DeepProfilingPrepatcher.csproj", "{70A95C35-05A7-4020-9B12-AAF351D4C278}"
EndProject
Project("{FAE04EC0-301F-11D3-BF4B-00C04F79EFBC}") = "AllowAnyNames", "AllowAnyNames\AllowAnyNames.csproj", "{77467403-4255-EA73-72EC-87D29D956878}"
EndProject
Project("{FAE04EC0-301F-11D3-BF4B-00C04F79EFBC}") = "Multitool", "Multitool\Multitool.csproj", "{B8C7625D-737B-099A-53B6-F7D57DE58B5A}"
EndProject
Project("{FAE04EC0-301F-11D3-BF4B-00C04F79EFBC}") = "BetterPrismUI", "BetterPrismUI\BetterPrismUI.csproj", "{71F38B45-E4D6-0F64-753F-825C80552021}"
EndProject
Global
	GlobalSection(SolutionConfigurationPlatforms) = preSolution
		Debug|Any CPU = Debug|Any CPU
		Release|Any CPU = Release|Any CPU
	EndGlobalSection
	GlobalSection(ProjectConfigurationPlatforms) = postSolution
		{70A95C35-05A7-4020-9B12-AAF351D4C278}.Debug|Any CPU.ActiveCfg = Debug|Any CPU
		{70A95C35-05A7-4020-9B12-AAF351D4C278}.Debug|Any CPU.Build.0 = Debug|Any CPU
		{70A95C35-05A7-4020-9B12-AAF351D4C278}.Release|Any CPU.ActiveCfg = Release|Any CPU
		{70A95C35-05A7-4020-9B12-AAF351D4C278}.Release|Any CPU.Build.0 = Release|Any CPU
		{77467403-4255-EA73-72EC-87D29D956878}.Debug|Any CPU.ActiveCfg = Debug|Any CPU
		{77467403-4255-EA73-72EC-87D29D956878}.Debug|Any CPU.Build.0 = Debug|Any CPU
		{77467403-4255-EA73-72EC-87D29D956878}.Release|Any CPU.ActiveCfg = Release|Any CPU
		{77467403-4255-EA73-72EC-87D29D956878}.Release|Any CPU.Build.0 = Release|Any CPU
		{B8C7625D-737B-099A-53B6-F7D57DE58B5A}.Debug|Any CPU.ActiveCfg = Debug|Any CPU
		{B8C7625D-737B-099A-53B6-F7D57DE58B5A}.Debug|Any CPU.Build.0 = Debug|Any CPU
		{B8C7625D-737B-099A-53B6-F7D57DE58B5A}.Release|Any CPU.ActiveCfg = Release|Any CPU
		{B8C7625D-737B-099A-53B6-F7D57DE58B5A}.Release|Any CPU.Build.0 = Release|Any CPU
		{71F38B45-E4D6-0F64-753F-825C80552021}.Debug|Any CPU.ActiveCfg = Debug|Any CPU
		{71F38B45-E4D6-0F64-753F-825C80552021}.Debug|Any CPU.Build.0 = Debug|Any CPU
		{71F38B45-E4D6-0F64-753F-825C80552021}.Release|Any CPU.ActiveCfg = Release|Any CPU
		{71F38B45-E4D6-0F64-753F-825C80552021}.Release|Any CPU.Build.0 = Release|Any CPU
	EndGlobalSection
	GlobalSection(SolutionProperties) = preSolution
		HideSolutionNode = FALSE
	EndGlobalSection
	GlobalSection(ExtensibilityGlobals) = postSolution
		SolutionGuid = {9DB3E3DB-1F7F-46A7-9BF9-1E28B35D3F9E}
	EndGlobalSection
EndGlobal
